<?xml version="1.0" encoding="utf-8"?>
<Project ToolsVersion="4.0" xmlns="http://schemas.microsoft.com/developer/msbuild/2003">
  <ItemGroup>
    <Filter Include="ソース ファイル">
      <UniqueIdentifier>{4FC737F1-C7A5-4376-A066-2A32D752A2FF}</UniqueIdentifier>
      <Extensions>cpp;c;cc;cxx;c++;def;odl;idl;hpj;bat;asm;asmx</Extensions>
    </Filter>
    <Filter Include="ヘッダー ファイル">
      <UniqueIdentifier>{93995380-89BD-4b04-88EB-625FBE52EBFB}</UniqueIdentifier>
      <Extensions>h;hh;hpp;hxx;h++;hm;inl;inc;ipp;xsd</Extensions>
    </Filter>
    <Filter Include="リソース ファイル">
      <UniqueIdentifier>{67DA6AB6-F800-4c08-8B7A-83BB121AAD01}</UniqueIdentifier>
      <Extensions>rc;ico;cur;bmp;dlg;rc2;rct;bin;rgs;gif;jpg;jpeg;jpe;resx;tiff;tif;png;wav;mfcribbon-ms</Extensions>
    </Filter>
  </ItemGroup>
  <ItemGroup>
    <ClInclude Include="framework.h">
      <Filter>ヘッダー ファイル</Filter>
    </ClInclude>
    <ClInclude Include="pch.h">
      <Filter>ヘッダー ファイル</Filter>
    </ClInclude>
    <ClInclude Include="EvaEngine\App\DirectX11App\DirectX11App.h">
      <Filter>ヘッダー ファイル</Filter>
    </ClInclude>
    <ClInclude Include="EvaEngine\App\WindowApp\WindowApp.h">
      <Filter>ヘッダー ファイル</Filter>
    </ClInclude>
    <ClInclude Include="EvaEngine\Define\D3D11Defines.h">
      <Filter>ヘッダー ファイル</Filter>
    </ClInclude>
    <ClInclude Include="EvaEngine\GameSystemBase\Base\Component\Component.h">
      <Filter>ヘッダー ファイル</Filter>
    </ClInclude>
    <ClInclude Include="EvaEngine\GameSystemBase\Base\Component\ComponentDesc.h">
      <Filter>ヘッダー ファイル</Filter>
    </ClInclude>
    <ClInclude Include="EvaEngine\GameSystemBase\Base\GameJobs\GameJobs.h">
      <Filter>ヘッダー ファイル</Filter>
    </ClInclude>
    <ClInclude Include="EvaEngine\GameSystemBase\Base\GameObject\GameObject.h">
      <Filter>ヘッダー ファイル</Filter>
    </ClInclude>
    <ClInclude Include="EvaEngine\GameSystemBase\Base\GameObject\GameObjectBase.h">
      <Filter>ヘッダー ファイル</Filter>
    </ClInclude>
    <ClInclude Include="EvaEngine\GameSystemBase\Base\Scene\Scene.h">
      <Filter>ヘッダー ファイル</Filter>
    </ClInclude>
    <ClInclude Include="EvaEngine\GameSystemBase\Components\Camera\Camera.h">
      <Filter>ヘッダー ファイル</Filter>
    </ClInclude>
    <ClInclude Include="EvaEngine\GameSystemBase\Components\MeshFilter\MeshFilter.h">
      <Filter>ヘッダー ファイル</Filter>
    </ClInclude>
    <ClInclude Include="EvaEngine\GameSystemBase\Components\MeshRenderer\MeshRenderer.h">
      <Filter>ヘッダー ファイル</Filter>
    </ClInclude>
    <ClInclude Include="EvaEngine\GameSystemBase\Components\MonoBehaviour\MonoBehaviour.h">
      <Filter>ヘッダー ファイル</Filter>
    </ClInclude>
    <ClInclude Include="EvaEngine\GameSystemBase\Components\Transform\Transform.h">
      <Filter>ヘッダー ファイル</Filter>
    </ClInclude>
    <ClInclude Include="EvaEngine\GameSystemBase\Components\ComponentHeaders.h">
      <Filter>ヘッダー ファイル</Filter>
    </ClInclude>
    <ClInclude Include="EvaEngine\GameSystemBase\DataBase\ComponentDataBase\ComponentDataBase.h">
      <Filter>ヘッダー ファイル</Filter>
    </ClInclude>
    <ClInclude Include="EvaEngine\GameSystemBase\DataBase\GameObjectDataBase\GameObjectDataBase.h">
      <Filter>ヘッダー ファイル</Filter>
    </ClInclude>
    <ClInclude Include="EvaEngine\GameSystemBase\DataBase\ModelDataBase\ModelDataBase.h">
      <Filter>ヘッダー ファイル</Filter>
    </ClInclude>
    <ClInclude Include="EvaEngine\GameSystemBase\DataBase\SceneDataBase\SceneDataBase.h">
      <Filter>ヘッダー ファイル</Filter>
    </ClInclude>
    <ClInclude Include="EvaEngine\GameSystemBase\DataBase\ShaderDataBase\ShaderDataBase.h">
      <Filter>ヘッダー ファイル</Filter>
    </ClInclude>
    <ClInclude Include="EvaEngine\GameSystemBase\DataBase\TextureDataBase\TextureDataBase.h">
      <Filter>ヘッダー ファイル</Filter>
    </ClInclude>
    <ClInclude Include="EvaEngine\GameSystemBase\Manager\ComponentManager\ComponentManager.h">
      <Filter>ヘッダー ファイル</Filter>
    </ClInclude>
    <ClInclude Include="EvaEngine\GameSystemBase\Manager\DrawManager\DrawManager.h">
      <Filter>ヘッダー ファイル</Filter>
    </ClInclude>
    <ClInclude Include="EvaEngine\GameSystemBase\Manager\GameObjectManager\GameObjectManager.h">
      <Filter>ヘッダー ファイル</Filter>
    </ClInclude>
    <ClInclude Include="EvaEngine\GameSystemBase\Manager\SceneManager\SceneManager.h">
      <Filter>ヘッダー ファイル</Filter>
    </ClInclude>
    <ClInclude Include="EvaEngine\Setting\Window\Window.h">
      <Filter>ヘッダー ファイル</Filter>
    </ClInclude>
    <ClInclude Include="EvaEngine\System\DebugLog\DebugLog.h">
      <Filter>ヘッダー ファイル</Filter>
    </ClInclude>
    <ClInclude Include="EvaEngine\Utility\BufferCreate\BufferCreate.h">
      <Filter>ヘッダー ファイル</Filter>
    </ClInclude>
    <ClInclude Include="EvaEngine\Utility\Input\InputBufferUpdate\InputBufferUpdate.h">
      <Filter>ヘッダー ファイル</Filter>
    </ClInclude>
    <ClInclude Include="EvaEngine\Utility\Input\Input.h">
      <Filter>ヘッダー ファイル</Filter>
    </ClInclude>
    <ClInclude Include="EvaEngine\Utility\Input\KeyCode.h">
      <Filter>ヘッダー ファイル</Filter>
    </ClInclude>
    <ClInclude Include="EvaEngine\Utility\Material\Material.h">
      <Filter>ヘッダー ファイル</Filter>
    </ClInclude>
    <ClInclude Include="EvaEngine\Utility\Math\Mathf\Mathf.h">
      <Filter>ヘッダー ファイル</Filter>
    </ClInclude>
    <ClInclude Include="EvaEngine\Utility\Math\Matrix3x3\Matrix3x3.h">
      <Filter>ヘッダー ファイル</Filter>
    </ClInclude>
    <ClInclude Include="EvaEngine\Utility\Math\Matrix4x4\Matrix4x4.h">
      <Filter>ヘッダー ファイル</Filter>
    </ClInclude>
    <ClInclude Include="EvaEngine\Utility\Math\Quaternion\Quaternion.h">
      <Filter>ヘッダー ファイル</Filter>
    </ClInclude>
    <ClInclude Include="EvaEngine\Utility\Math\Vector2\Vector2.h">
      <Filter>ヘッダー ファイル</Filter>
    </ClInclude>
    <ClInclude Include="EvaEngine\Utility\Math\Vector3\Vector3.h">
      <Filter>ヘッダー ファイル</Filter>
    </ClInclude>
    <ClInclude Include="EvaEngine\Utility\Mesh\Mesh.h">
      <Filter>ヘッダー ファイル</Filter>
    </ClInclude>
    <ClInclude Include="EvaEngine\Utility\ModelUtility\ModelData\ConstantBufferData.h">
      <Filter>ヘッダー ファイル</Filter>
    </ClInclude>
    <ClInclude Include="EvaEngine\Utility\ModelUtility\ModelData\ModelData.h">
      <Filter>ヘッダー ファイル</Filter>
    </ClInclude>
    <ClInclude Include="EvaEngine\Utility\ModelUtility\ModelData\ShaderParameters.h">
      <Filter>ヘッダー ファイル</Filter>
    </ClInclude>
    <ClInclude Include="EvaEngine\Utility\ModelUtility\ModelData\VertexData.h">
      <Filter>ヘッダー ファイル</Filter>
    </ClInclude>
    <ClInclude Include="EvaEngine\Utility\ModelUtility\ModelLoaderUtility\FBXModelLoader\FBXModelLoader.h">
      <Filter>ヘッダー ファイル</Filter>
    </ClInclude>
    <ClInclude Include="EvaEngine\Utility\ModelUtility\ModelLoaderUtility\OBJModelLoader\OBJModelLoader.h">
      <Filter>ヘッダー ファイル</Filter>
    </ClInclude>
    <ClInclude Include="EvaEngine\Utility\ModelUtility\ModelLoaderUtility\VRMModelLoader\VRMModelLoader.h">
      <Filter>ヘッダー ファイル</Filter>
    </ClInclude>
    <ClInclude Include="EvaEngine\Utility\ShaderUtility\Shader\Shader.h">
      <Filter>ヘッダー ファイル</Filter>
    </ClInclude>
    <ClInclude Include="EvaEngine\Utility\ShaderUtility\ShaderCompiler\ShaderCompiler.h">
      <Filter>ヘッダー ファイル</Filter>
    </ClInclude>
    <ClInclude Include="EvaEngine\Utility\ShaderUtility\ShaderLoader\ShaderLoader.h">
      <Filter>ヘッダー ファイル</Filter>
    </ClInclude>
    <ClInclude Include="EvaEngine\Utility\StringAssist\StringAssist.h">
      <Filter>ヘッダー ファイル</Filter>
    </ClInclude>
    <ClInclude Include="EvaEngine\Utility\Time\Time.h">
      <Filter>ヘッダー ファイル</Filter>
    </ClInclude>
    <ClInclude Include="EvaEngine\Utility\Time\TimeBase.h">
      <Filter>ヘッダー ファイル</Filter>
    </ClInclude>
    <ClInclude Include="EvaEngine\Utility\ModelUtility\ModelLoaderUtility\ModelLoadBase.h">
      <Filter>ヘッダー ファイル</Filter>
    </ClInclude>
    <ClInclude Include="EvaEngine\Utility\ModelUtility\ModelLoader\ModelLoader.h">
      <Filter>ヘッダー ファイル</Filter>
    </ClInclude>
    <ClInclude Include="EvaEngine.h">
      <Filter>ヘッダー ファイル</Filter>
    </ClInclude>
    <ClInclude Include="EvaEngine\App\EvaEngineApp\EvaEngineApp.h">
      <Filter>ヘッダー ファイル</Filter>
    </ClInclude>
    <ClInclude Include="EvaEngine\GameSystemBase\Base\GameBase\GameBase.h">
      <Filter>ヘッダー ファイル</Filter>
    </ClInclude>
    <ClInclude Include="EvaEngine\App\MainApp\MainApp.h">
      <Filter>ヘッダー ファイル</Filter>
    </ClInclude>
    <ClInclude Include="FbxSDK\include\fbxsdk\core\arch\fbxalloc.h">
      <Filter>ヘッダー ファイル</Filter>
    </ClInclude>
    <ClInclude Include="FbxSDK\include\fbxsdk\core\arch\fbxarch.h">
      <Filter>ヘッダー ファイル</Filter>
    </ClInclude>
    <ClInclude Include="FbxSDK\include\fbxsdk\core\arch\fbxdebug.h">
      <Filter>ヘッダー ファイル</Filter>
    </ClInclude>
    <ClInclude Include="FbxSDK\include\fbxsdk\core\arch\fbxnew.h">
      <Filter>ヘッダー ファイル</Filter>
    </ClInclude>
    <ClInclude Include="FbxSDK\include\fbxsdk\core\arch\fbxstdcompliant.h">
      <Filter>ヘッダー ファイル</Filter>
    </ClInclude>
    <ClInclude Include="FbxSDK\include\fbxsdk\core\arch\fbxtypes.h">
      <Filter>ヘッダー ファイル</Filter>
    </ClInclude>
    <ClInclude Include="FbxSDK\include\fbxsdk\core\base\fbxarray.h">
      <Filter>ヘッダー ファイル</Filter>
    </ClInclude>
    <ClInclude Include="FbxSDK\include\fbxsdk\core\base\fbxbitset.h">
      <Filter>ヘッダー ファイル</Filter>
    </ClInclude>
    <ClInclude Include="FbxSDK\include\fbxsdk\core\base\fbxcharptrset.h">
      <Filter>ヘッダー ファイル</Filter>
    </ClInclude>
    <ClInclude Include="FbxSDK\include\fbxsdk\core\base\fbxcontainerallocators.h">
      <Filter>ヘッダー ファイル</Filter>
    </ClInclude>
    <ClInclude Include="FbxSDK\include\fbxsdk\core\base\fbxdynamicarray.h">
      <Filter>ヘッダー ファイル</Filter>
    </ClInclude>
    <ClInclude Include="FbxSDK\include\fbxsdk\core\base\fbxfile.h">
      <Filter>ヘッダー ファイル</Filter>
    </ClInclude>
    <ClInclude Include="FbxSDK\include\fbxsdk\core\base\fbxfolder.h">
      <Filter>ヘッダー ファイル</Filter>
    </ClInclude>
    <ClInclude Include="FbxSDK\include\fbxsdk\core\base\fbxhashmap.h">
      <Filter>ヘッダー ファイル</Filter>
    </ClInclude>
    <ClInclude Include="FbxSDK\include\fbxsdk\core\base\fbxintrusivelist.h">
      <Filter>ヘッダー ファイル</Filter>
    </ClInclude>
    <ClInclude Include="FbxSDK\include\fbxsdk\core\base\fbxmap.h">
      <Filter>ヘッダー ファイル</Filter>
    </ClInclude>
    <ClInclude Include="FbxSDK\include\fbxsdk\core\base\fbxmemorypool.h">
      <Filter>ヘッダー ファイル</Filter>
    </ClInclude>
    <ClInclude Include="FbxSDK\include\fbxsdk\core\base\fbxmultimap.h">
      <Filter>ヘッダー ファイル</Filter>
    </ClInclude>
    <ClInclude Include="FbxSDK\include\fbxsdk\core\base\fbxpair.h">
      <Filter>ヘッダー ファイル</Filter>
    </ClInclude>
    <ClInclude Include="FbxSDK\include\fbxsdk\core\base\fbxredblacktree.h">
      <Filter>ヘッダー ファイル</Filter>
    </ClInclude>
    <ClInclude Include="FbxSDK\include\fbxsdk\core\base\fbxset.h">
      <Filter>ヘッダー ファイル</Filter>
    </ClInclude>
    <ClInclude Include="FbxSDK\include\fbxsdk\core\base\fbxstatus.h">
      <Filter>ヘッダー ファイル</Filter>
    </ClInclude>
    <ClInclude Include="FbxSDK\include\fbxsdk\core\base\fbxstring.h">
      <Filter>ヘッダー ファイル</Filter>
    </ClInclude>
    <ClInclude Include="FbxSDK\include\fbxsdk\core\base\fbxstringlist.h">
      <Filter>ヘッダー ファイル</Filter>
    </ClInclude>
    <ClInclude Include="FbxSDK\include\fbxsdk\core\base\fbxtime.h">
      <Filter>ヘッダー ファイル</Filter>
    </ClInclude>
    <ClInclude Include="FbxSDK\include\fbxsdk\core\base\fbxtimecode.h">
      <Filter>ヘッダー ファイル</Filter>
    </ClInclude>
    <ClInclude Include="FbxSDK\include\fbxsdk\core\base\fbxutils.h">
      <Filter>ヘッダー ファイル</Filter>
    </ClInclude>
    <ClInclude Include="FbxSDK\include\fbxsdk\core\math\fbxaffinematrix.h">
      <Filter>ヘッダー ファイル</Filter>
    </ClInclude>
    <ClInclude Include="FbxSDK\include\fbxsdk\core\math\fbxdualquaternion.h">
      <Filter>ヘッダー ファイル</Filter>
    </ClInclude>
    <ClInclude Include="FbxSDK\include\fbxsdk\core\math\fbxmath.h">
      <Filter>ヘッダー ファイル</Filter>
    </ClInclude>
    <ClInclude Include="FbxSDK\include\fbxsdk\core\math\fbxmatrix.h">
      <Filter>ヘッダー ファイル</Filter>
    </ClInclude>
    <ClInclude Include="FbxSDK\include\fbxsdk\core\math\fbxquaternion.h">
      <Filter>ヘッダー ファイル</Filter>
    </ClInclude>
    <ClInclude Include="FbxSDK\include\fbxsdk\core\math\fbxtransforms.h">
      <Filter>ヘッダー ファイル</Filter>
    </ClInclude>
    <ClInclude Include="FbxSDK\include\fbxsdk\core\math\fbxvector2.h">
      <Filter>ヘッダー ファイル</Filter>
    </ClInclude>
    <ClInclude Include="FbxSDK\include\fbxsdk\core\math\fbxvector4.h">
      <Filter>ヘッダー ファイル</Filter>
    </ClInclude>
    <ClInclude Include="FbxSDK\include\fbxsdk\core\sync\fbxatomic.h">
      <Filter>ヘッダー ファイル</Filter>
    </ClInclude>
    <ClInclude Include="FbxSDK\include\fbxsdk\core\sync\fbxclock.h">
      <Filter>ヘッダー ファイル</Filter>
    </ClInclude>
    <ClInclude Include="FbxSDK\include\fbxsdk\core\sync\fbxsync.h">
      <Filter>ヘッダー ファイル</Filter>
    </ClInclude>
    <ClInclude Include="FbxSDK\include\fbxsdk\core\sync\fbxthread.h">
      <Filter>ヘッダー ファイル</Filter>
    </ClInclude>
    <ClInclude Include="FbxSDK\include\fbxsdk\core\fbxclassid.h">
      <Filter>ヘッダー ファイル</Filter>
    </ClInclude>
    <ClInclude Include="FbxSDK\include\fbxsdk\core\fbxconnectionpoint.h">
      <Filter>ヘッダー ファイル</Filter>
    </ClInclude>
    <ClInclude Include="FbxSDK\include\fbxsdk\core\fbxdatatypes.h">
      <Filter>ヘッダー ファイル</Filter>
    </ClInclude>
    <ClInclude Include="FbxSDK\include\fbxsdk\core\fbxemitter.h">
      <Filter>ヘッダー ファイル</Filter>
    </ClInclude>
    <ClInclude Include="FbxSDK\include\fbxsdk\core\fbxevent.h">
      <Filter>ヘッダー ファイル</Filter>
    </ClInclude>
    <ClInclude Include="FbxSDK\include\fbxsdk\core\fbxeventhandler.h">
      <Filter>ヘッダー ファイル</Filter>
    </ClInclude>
    <ClInclude Include="FbxSDK\include\fbxsdk\core\fbxlistener.h">
      <Filter>ヘッダー ファイル</Filter>
    </ClInclude>
    <ClInclude Include="FbxSDK\include\fbxsdk\core\fbxloadingstrategy.h">
      <Filter>ヘッダー ファイル</Filter>
    </ClInclude>
    <ClInclude Include="FbxSDK\include\fbxsdk\core\fbxmanager.h">
      <Filter>ヘッダー ファイル</Filter>
    </ClInclude>
    <ClInclude Include="FbxSDK\include\fbxsdk\core\fbxmodule.h">
      <Filter>ヘッダー ファイル</Filter>
    </ClInclude>
    <ClInclude Include="FbxSDK\include\fbxsdk\core\fbxobject.h">
      <Filter>ヘッダー ファイル</Filter>
    </ClInclude>
    <ClInclude Include="FbxSDK\include\fbxsdk\core\fbxperipheral.h">
      <Filter>ヘッダー ファイル</Filter>
    </ClInclude>
    <ClInclude Include="FbxSDK\include\fbxsdk\core\fbxplugin.h">
      <Filter>ヘッダー ファイル</Filter>
    </ClInclude>
    <ClInclude Include="FbxSDK\include\fbxsdk\core\fbxplugincontainer.h">
      <Filter>ヘッダー ファイル</Filter>
    </ClInclude>
    <ClInclude Include="FbxSDK\include\fbxsdk\core\fbxproperty.h">
      <Filter>ヘッダー ファイル</Filter>
    </ClInclude>
    <ClInclude Include="FbxSDK\include\fbxsdk\core\fbxpropertydef.h">
      <Filter>ヘッダー ファイル</Filter>
    </ClInclude>
    <ClInclude Include="FbxSDK\include\fbxsdk\core\fbxpropertyhandle.h">
      <Filter>ヘッダー ファイル</Filter>
    </ClInclude>
    <ClInclude Include="FbxSDK\include\fbxsdk\core\fbxpropertypage.h">
      <Filter>ヘッダー ファイル</Filter>
    </ClInclude>
    <ClInclude Include="FbxSDK\include\fbxsdk\core\fbxpropertytypes.h">
      <Filter>ヘッダー ファイル</Filter>
    </ClInclude>
    <ClInclude Include="FbxSDK\include\fbxsdk\core\fbxquery.h">
      <Filter>ヘッダー ファイル</Filter>
    </ClInclude>
    <ClInclude Include="FbxSDK\include\fbxsdk\core\fbxqueryevent.h">
      <Filter>ヘッダー ファイル</Filter>
    </ClInclude>
    <ClInclude Include="FbxSDK\include\fbxsdk\core\fbxscopedloadingdirectory.h">
      <Filter>ヘッダー ファイル</Filter>
    </ClInclude>
    <ClInclude Include="FbxSDK\include\fbxsdk\core\fbxscopedloadingfilename.h">
      <Filter>ヘッダー ファイル</Filter>
    </ClInclude>
    <ClInclude Include="FbxSDK\include\fbxsdk\core\fbxstream.h">
      <Filter>ヘッダー ファイル</Filter>
    </ClInclude>
    <ClInclude Include="FbxSDK\include\fbxsdk\core\fbxsymbol.h">
      <Filter>ヘッダー ファイル</Filter>
    </ClInclude>
    <ClInclude Include="FbxSDK\include\fbxsdk\core\fbxsystemunit.h">
      <Filter>ヘッダー ファイル</Filter>
    </ClInclude>
    <ClInclude Include="FbxSDK\include\fbxsdk\core\fbxxref.h">
      <Filter>ヘッダー ファイル</Filter>
    </ClInclude>
    <ClInclude Include="FbxSDK\include\fbxsdk\fileio\collada\fbxcolladaanimationelement.h">
      <Filter>ヘッダー ファイル</Filter>
    </ClInclude>
    <ClInclude Include="FbxSDK\include\fbxsdk\fileio\collada\fbxcolladaelement.h">
      <Filter>ヘッダー ファイル</Filter>
    </ClInclude>
    <ClInclude Include="FbxSDK\include\fbxsdk\fileio\collada\fbxcolladaiostream.h">
      <Filter>ヘッダー ファイル</Filter>
    </ClInclude>
    <ClInclude Include="FbxSDK\include\fbxsdk\fileio\collada\fbxcolladanamespace.h">
      <Filter>ヘッダー ファイル</Filter>
    </ClInclude>
    <ClInclude Include="FbxSDK\include\fbxsdk\fileio\collada\fbxcolladatokens.h">
      <Filter>ヘッダー ファイル</Filter>
    </ClInclude>
    <ClInclude Include="FbxSDK\include\fbxsdk\fileio\collada\fbxcolladautils.h">
      <Filter>ヘッダー ファイル</Filter>
    </ClInclude>
    <ClInclude Include="FbxSDK\include\fbxsdk\fileio\collada\fbxreadercollada14.h">
      <Filter>ヘッダー ファイル</Filter>
    </ClInclude>
    <ClInclude Include="FbxSDK\include\fbxsdk\fileio\collada\fbxwritercollada14.h">
      <Filter>ヘッダー ファイル</Filter>
    </ClInclude>
    <ClInclude Include="FbxSDK\include\fbxsdk\fileio\fbx\fbxio.h">
      <Filter>ヘッダー ファイル</Filter>
    </ClInclude>
    <ClInclude Include="FbxSDK\include\fbxsdk\fileio\fbx\fbxreaderfbx5.h">
      <Filter>ヘッダー ファイル</Filter>
    </ClInclude>
    <ClInclude Include="FbxSDK\include\fbxsdk\fileio\fbx\fbxreaderfbx6.h">
      <Filter>ヘッダー ファイル</Filter>
    </ClInclude>
    <ClInclude Include="FbxSDK\include\fbxsdk\fileio\fbx\fbxreaderfbx7.h">
      <Filter>ヘッダー ファイル</Filter>
    </ClInclude>
    <ClInclude Include="FbxSDK\include\fbxsdk\fileio\fbx\fbxwriterfbx5.h">
      <Filter>ヘッダー ファイル</Filter>
    </ClInclude>
    <ClInclude Include="FbxSDK\include\fbxsdk\fileio\fbx\fbxwriterfbx6.h">
      <Filter>ヘッダー ファイル</Filter>
    </ClInclude>
    <ClInclude Include="FbxSDK\include\fbxsdk\fileio\fbx\fbxwriterfbx7.h">
      <Filter>ヘッダー ファイル</Filter>
    </ClInclude>
    <ClInclude Include="FbxSDK\include\fbxsdk\fileio\fbxbase64coder.h">
      <Filter>ヘッダー ファイル</Filter>
    </ClInclude>
    <ClInclude Include="FbxSDK\include\fbxsdk\fileio\fbxcallbacks.h">
      <Filter>ヘッダー ファイル</Filter>
    </ClInclude>
    <ClInclude Include="FbxSDK\include\fbxsdk\fileio\fbxexporter.h">
      <Filter>ヘッダー ファイル</Filter>
    </ClInclude>
    <ClInclude Include="FbxSDK\include\fbxsdk\fileio\fbxexternaldocreflistener.h">
      <Filter>ヘッダー ファイル</Filter>
    </ClInclude>
    <ClInclude Include="FbxSDK\include\fbxsdk\fileio\fbxfiletokens.h">
      <Filter>ヘッダー ファイル</Filter>
    </ClInclude>
    <ClInclude Include="FbxSDK\include\fbxsdk\fileio\fbxglobalcamerasettings.h">
      <Filter>ヘッダー ファイル</Filter>
    </ClInclude>
    <ClInclude Include="FbxSDK\include\fbxsdk\fileio\fbxgloballightsettings.h">
      <Filter>ヘッダー ファイル</Filter>
    </ClInclude>
    <ClInclude Include="FbxSDK\include\fbxsdk\fileio\fbxglobalsettings.h">
      <Filter>ヘッダー ファイル</Filter>
    </ClInclude>
    <ClInclude Include="FbxSDK\include\fbxsdk\fileio\fbxgobo.h">
      <Filter>ヘッダー ファイル</Filter>
    </ClInclude>
    <ClInclude Include="FbxSDK\include\fbxsdk\fileio\fbximporter.h">
      <Filter>ヘッダー ファイル</Filter>
    </ClInclude>
    <ClInclude Include="FbxSDK\include\fbxsdk\fileio\fbxiobase.h">
      <Filter>ヘッダー ファイル</Filter>
    </ClInclude>
    <ClInclude Include="FbxSDK\include\fbxsdk\fileio\fbxiopluginregistry.h">
      <Filter>ヘッダー ファイル</Filter>
    </ClInclude>
    <ClInclude Include="FbxSDK\include\fbxsdk\fileio\fbxiosettings.h">
      <Filter>ヘッダー ファイル</Filter>
    </ClInclude>
    <ClInclude Include="FbxSDK\include\fbxsdk\fileio\fbxiosettingspath.h">
      <Filter>ヘッダー ファイル</Filter>
    </ClInclude>
    <ClInclude Include="FbxSDK\include\fbxsdk\fileio\fbxprogress.h">
      <Filter>ヘッダー ファイル</Filter>
    </ClInclude>
    <ClInclude Include="FbxSDK\include\fbxsdk\fileio\fbxreader.h">
      <Filter>ヘッダー ファイル</Filter>
    </ClInclude>
    <ClInclude Include="FbxSDK\include\fbxsdk\fileio\fbxstatistics.h">
      <Filter>ヘッダー ファイル</Filter>
    </ClInclude>
    <ClInclude Include="FbxSDK\include\fbxsdk\fileio\fbxstatisticsfbx.h">
      <Filter>ヘッダー ファイル</Filter>
    </ClInclude>
    <ClInclude Include="FbxSDK\include\fbxsdk\fileio\fbxwriter.h">
      <Filter>ヘッダー ファイル</Filter>
    </ClInclude>
    <ClInclude Include="FbxSDK\include\fbxsdk\scene\animation\fbxanimcurve.h">
      <Filter>ヘッダー ファイル</Filter>
    </ClInclude>
    <ClInclude Include="FbxSDK\include\fbxsdk\scene\animation\fbxanimcurvebase.h">
      <Filter>ヘッダー ファイル</Filter>
    </ClInclude>
    <ClInclude Include="FbxSDK\include\fbxsdk\scene\animation\fbxanimcurvefilters.h">
      <Filter>ヘッダー ファイル</Filter>
    </ClInclude>
    <ClInclude Include="FbxSDK\include\fbxsdk\scene\animation\fbxanimcurvenode.h">
      <Filter>ヘッダー ファイル</Filter>
    </ClInclude>
    <ClInclude Include="FbxSDK\include\fbxsdk\scene\animation\fbxanimevalclassic.h">
      <Filter>ヘッダー ファイル</Filter>
    </ClInclude>
    <ClInclude Include="FbxSDK\include\fbxsdk\scene\animation\fbxanimevalstate.h">
      <Filter>ヘッダー ファイル</Filter>
    </ClInclude>
    <ClInclude Include="FbxSDK\include\fbxsdk\scene\animation\fbxanimevaluator.h">
      <Filter>ヘッダー ファイル</Filter>
    </ClInclude>
    <ClInclude Include="FbxSDK\include\fbxsdk\scene\animation\fbxanimlayer.h">
      <Filter>ヘッダー ファイル</Filter>
    </ClInclude>
    <ClInclude Include="FbxSDK\include\fbxsdk\scene\animation\fbxanimstack.h">
      <Filter>ヘッダー ファイル</Filter>
    </ClInclude>
    <ClInclude Include="FbxSDK\include\fbxsdk\scene\animation\fbxanimutilities.h">
      <Filter>ヘッダー ファイル</Filter>
    </ClInclude>
    <ClInclude Include="FbxSDK\include\fbxsdk\scene\constraint\fbxcharacter.h">
      <Filter>ヘッダー ファイル</Filter>
    </ClInclude>
    <ClInclude Include="FbxSDK\include\fbxsdk\scene\constraint\fbxcharacternodename.h">
      <Filter>ヘッダー ファイル</Filter>
    </ClInclude>
    <ClInclude Include="FbxSDK\include\fbxsdk\scene\constraint\fbxcharacterpose.h">
      <Filter>ヘッダー ファイル</Filter>
    </ClInclude>
    <ClInclude Include="FbxSDK\include\fbxsdk\scene\constraint\fbxconstraint.h">
      <Filter>ヘッダー ファイル</Filter>
    </ClInclude>
    <ClInclude Include="FbxSDK\include\fbxsdk\scene\constraint\fbxconstraintaim.h">
      <Filter>ヘッダー ファイル</Filter>
    </ClInclude>
    <ClInclude Include="FbxSDK\include\fbxsdk\scene\constraint\fbxconstraintcustom.h">
      <Filter>ヘッダー ファイル</Filter>
    </ClInclude>
    <ClInclude Include="FbxSDK\include\fbxsdk\scene\constraint\fbxconstraintparent.h">
      <Filter>ヘッダー ファイル</Filter>
    </ClInclude>
    <ClInclude Include="FbxSDK\include\fbxsdk\scene\constraint\fbxconstraintposition.h">
      <Filter>ヘッダー ファイル</Filter>
    </ClInclude>
    <ClInclude Include="FbxSDK\include\fbxsdk\scene\constraint\fbxconstraintrotation.h">
      <Filter>ヘッダー ファイル</Filter>
    </ClInclude>
    <ClInclude Include="FbxSDK\include\fbxsdk\scene\constraint\fbxconstraintscale.h">
      <Filter>ヘッダー ファイル</Filter>
    </ClInclude>
    <ClInclude Include="FbxSDK\include\fbxsdk\scene\constraint\fbxconstraintsinglechainik.h">
      <Filter>ヘッダー ファイル</Filter>
    </ClInclude>
    <ClInclude Include="FbxSDK\include\fbxsdk\scene\constraint\fbxconstraintutils.h">
      <Filter>ヘッダー ファイル</Filter>
    </ClInclude>
    <ClInclude Include="FbxSDK\include\fbxsdk\scene\constraint\fbxcontrolset.h">
      <Filter>ヘッダー ファイル</Filter>
    </ClInclude>
    <ClInclude Include="FbxSDK\include\fbxsdk\scene\constraint\fbxhik2fbxcharacter.h">
      <Filter>ヘッダー ファイル</Filter>
    </ClInclude>
    <ClInclude Include="FbxSDK\include\fbxsdk\scene\geometry\fbxblendshape.h">
      <Filter>ヘッダー ファイル</Filter>
    </ClInclude>
    <ClInclude Include="FbxSDK\include\fbxsdk\scene\geometry\fbxblendshapechannel.h">
      <Filter>ヘッダー ファイル</Filter>
    </ClInclude>
    <ClInclude Include="FbxSDK\include\fbxsdk\scene\geometry\fbxcache.h">
      <Filter>ヘッダー ファイル</Filter>
    </ClInclude>
    <ClInclude Include="FbxSDK\include\fbxsdk\scene\geometry\fbxcachedeffect.h">
      <Filter>ヘッダー ファイル</Filter>
    </ClInclude>
    <ClInclude Include="FbxSDK\include\fbxsdk\scene\geometry\fbxcamera.h">
      <Filter>ヘッダー ファイル</Filter>
    </ClInclude>
    <ClInclude Include="FbxSDK\include\fbxsdk\scene\geometry\fbxcamerastereo.h">
      <Filter>ヘッダー ファイル</Filter>
    </ClInclude>
    <ClInclude Include="FbxSDK\include\fbxsdk\scene\geometry\fbxcameraswitcher.h">
      <Filter>ヘッダー ファイル</Filter>
    </ClInclude>
    <ClInclude Include="FbxSDK\include\fbxsdk\scene\geometry\fbxcluster.h">
      <Filter>ヘッダー ファイル</Filter>
    </ClInclude>
    <ClInclude Include="FbxSDK\include\fbxsdk\scene\geometry\fbxdeformer.h">
      <Filter>ヘッダー ファイル</Filter>
    </ClInclude>
    <ClInclude Include="FbxSDK\include\fbxsdk\scene\geometry\fbxgenericnode.h">
      <Filter>ヘッダー ファイル</Filter>
    </ClInclude>
    <ClInclude Include="FbxSDK\include\fbxsdk\scene\geometry\fbxgeometry.h">
      <Filter>ヘッダー ファイル</Filter>
    </ClInclude>
    <ClInclude Include="FbxSDK\include\fbxsdk\scene\geometry\fbxgeometrybase.h">
      <Filter>ヘッダー ファイル</Filter>
    </ClInclude>
    <ClInclude Include="FbxSDK\include\fbxsdk\scene\geometry\fbxgeometryweightedmap.h">
      <Filter>ヘッダー ファイル</Filter>
    </ClInclude>
    <ClInclude Include="FbxSDK\include\fbxsdk\scene\geometry\fbxlayer.h">
      <Filter>ヘッダー ファイル</Filter>
    </ClInclude>
    <ClInclude Include="FbxSDK\include\fbxsdk\scene\geometry\fbxlayercontainer.h">
      <Filter>ヘッダー ファイル</Filter>
    </ClInclude>
    <ClInclude Include="FbxSDK\include\fbxsdk\scene\geometry\fbxlight.h">
      <Filter>ヘッダー ファイル</Filter>
    </ClInclude>
    <ClInclude Include="FbxSDK\include\fbxsdk\scene\geometry\fbxlimitsutilities.h">
      <Filter>ヘッダー ファイル</Filter>
    </ClInclude>
    <ClInclude Include="FbxSDK\include\fbxsdk\scene\geometry\fbxline.h">
      <Filter>ヘッダー ファイル</Filter>
    </ClInclude>
    <ClInclude Include="FbxSDK\include\fbxsdk\scene\geometry\fbxlodgroup.h">
      <Filter>ヘッダー ファイル</Filter>
    </ClInclude>
    <ClInclude Include="FbxSDK\include\fbxsdk\scene\geometry\fbxmarker.h">
      <Filter>ヘッダー ファイル</Filter>
    </ClInclude>
    <ClInclude Include="FbxSDK\include\fbxsdk\scene\geometry\fbxmesh.h">
      <Filter>ヘッダー ファイル</Filter>
    </ClInclude>
    <ClInclude Include="FbxSDK\include\fbxsdk\scene\geometry\fbxnode.h">
      <Filter>ヘッダー ファイル</Filter>
    </ClInclude>
    <ClInclude Include="FbxSDK\include\fbxsdk\scene\geometry\fbxnodeattribute.h">
      <Filter>ヘッダー ファイル</Filter>
    </ClInclude>
    <ClInclude Include="FbxSDK\include\fbxsdk\scene\geometry\fbxnull.h">
      <Filter>ヘッダー ファイル</Filter>
    </ClInclude>
    <ClInclude Include="FbxSDK\include\fbxsdk\scene\geometry\fbxnurbs.h">
      <Filter>ヘッダー ファイル</Filter>
    </ClInclude>
    <ClInclude Include="FbxSDK\include\fbxsdk\scene\geometry\fbxnurbscurve.h">
      <Filter>ヘッダー ファイル</Filter>
    </ClInclude>
    <ClInclude Include="FbxSDK\include\fbxsdk\scene\geometry\fbxnurbssurface.h">
      <Filter>ヘッダー ファイル</Filter>
    </ClInclude>
    <ClInclude Include="FbxSDK\include\fbxsdk\scene\geometry\fbxopticalreference.h">
      <Filter>ヘッダー ファイル</Filter>
    </ClInclude>
    <ClInclude Include="FbxSDK\include\fbxsdk\scene\geometry\fbxpatch.h">
      <Filter>ヘッダー ファイル</Filter>
    </ClInclude>
    <ClInclude Include="FbxSDK\include\fbxsdk\scene\geometry\fbxproceduralgeometry.h">
      <Filter>ヘッダー ファイル</Filter>
    </ClInclude>
    <ClInclude Include="FbxSDK\include\fbxsdk\scene\geometry\fbxshape.h">
      <Filter>ヘッダー ファイル</Filter>
    </ClInclude>
    <ClInclude Include="FbxSDK\include\fbxsdk\scene\geometry\fbxskeleton.h">
      <Filter>ヘッダー ファイル</Filter>
    </ClInclude>
    <ClInclude Include="FbxSDK\include\fbxsdk\scene\geometry\fbxskin.h">
      <Filter>ヘッダー ファイル</Filter>
    </ClInclude>
    <ClInclude Include="FbxSDK\include\fbxsdk\scene\geometry\fbxsubdeformer.h">
      <Filter>ヘッダー ファイル</Filter>
    </ClInclude>
    <ClInclude Include="FbxSDK\include\fbxsdk\scene\geometry\fbxsubdiv.h">
      <Filter>ヘッダー ファイル</Filter>
    </ClInclude>
    <ClInclude Include="FbxSDK\include\fbxsdk\scene\geometry\fbxtrimnurbssurface.h">
      <Filter>ヘッダー ファイル</Filter>
    </ClInclude>
    <ClInclude Include="FbxSDK\include\fbxsdk\scene\geometry\fbxvertexcachedeformer.h">
      <Filter>ヘッダー ファイル</Filter>
    </ClInclude>
    <ClInclude Include="FbxSDK\include\fbxsdk\scene\geometry\fbxweightedmapping.h">
      <Filter>ヘッダー ファイル</Filter>
    </ClInclude>
    <ClInclude Include="FbxSDK\include\fbxsdk\scene\shading\fbxbindingoperator.h">
      <Filter>ヘッダー ファイル</Filter>
    </ClInclude>
    <ClInclude Include="FbxSDK\include\fbxsdk\scene\shading\fbxbindingsentryview.h">
      <Filter>ヘッダー ファイル</Filter>
    </ClInclude>
    <ClInclude Include="FbxSDK\include\fbxsdk\scene\shading\fbxbindingtable.h">
      <Filter>ヘッダー ファイル</Filter>
    </ClInclude>
    <ClInclude Include="FbxSDK\include\fbxsdk\scene\shading\fbxbindingtablebase.h">
      <Filter>ヘッダー ファイル</Filter>
    </ClInclude>
    <ClInclude Include="FbxSDK\include\fbxsdk\scene\shading\fbxbindingtableentry.h">
      <Filter>ヘッダー ファイル</Filter>
    </ClInclude>
    <ClInclude Include="FbxSDK\include\fbxsdk\scene\shading\fbxconstantentryview.h">
      <Filter>ヘッダー ファイル</Filter>
    </ClInclude>
    <ClInclude Include="FbxSDK\include\fbxsdk\scene\shading\fbxentryview.h">
      <Filter>ヘッダー ファイル</Filter>
    </ClInclude>
    <ClInclude Include="FbxSDK\include\fbxsdk\scene\shading\fbxfiletexture.h">
      <Filter>ヘッダー ファイル</Filter>
    </ClInclude>
    <ClInclude Include="FbxSDK\include\fbxsdk\scene\shading\fbximplementation.h">
      <Filter>ヘッダー ファイル</Filter>
    </ClInclude>
    <ClInclude Include="FbxSDK\include\fbxsdk\scene\shading\fbximplementationfilter.h">
      <Filter>ヘッダー ファイル</Filter>
    </ClInclude>
    <ClInclude Include="FbxSDK\include\fbxsdk\scene\shading\fbximplementationutils.h">
      <Filter>ヘッダー ファイル</Filter>
    </ClInclude>
    <ClInclude Include="FbxSDK\include\fbxsdk\scene\shading\fbxlayeredtexture.h">
      <Filter>ヘッダー ファイル</Filter>
    </ClInclude>
    <ClInclude Include="FbxSDK\include\fbxsdk\scene\shading\fbxlayerentryview.h">
      <Filter>ヘッダー ファイル</Filter>
    </ClInclude>
    <ClInclude Include="FbxSDK\include\fbxsdk\scene\shading\fbxoperatorentryview.h">
      <Filter>ヘッダー ファイル</Filter>
    </ClInclude>
    <ClInclude Include="FbxSDK\include\fbxsdk\scene\shading\fbxproceduraltexture.h">
      <Filter>ヘッダー ファイル</Filter>
    </ClInclude>
    <ClInclude Include="FbxSDK\include\fbxsdk\scene\shading\fbxpropertyentryview.h">
      <Filter>ヘッダー ファイル</Filter>
    </ClInclude>
    <ClInclude Include="FbxSDK\include\fbxsdk\scene\shading\fbxsemanticentryview.h">
      <Filter>ヘッダー ファイル</Filter>
    </ClInclude>
    <ClInclude Include="FbxSDK\include\fbxsdk\scene\shading\fbxshadingconventions.h">
      <Filter>ヘッダー ファイル</Filter>
    </ClInclude>
    <ClInclude Include="FbxSDK\include\fbxsdk\scene\shading\fbxsurfacelambert.h">
      <Filter>ヘッダー ファイル</Filter>
    </ClInclude>
    <ClInclude Include="FbxSDK\include\fbxsdk\scene\shading\fbxsurfacematerial.h">
      <Filter>ヘッダー ファイル</Filter>
    </ClInclude>
    <ClInclude Include="FbxSDK\include\fbxsdk\scene\shading\fbxsurfacephong.h">
      <Filter>ヘッダー ファイル</Filter>
    </ClInclude>
    <ClInclude Include="FbxSDK\include\fbxsdk\scene\shading\fbxtexture.h">
      <Filter>ヘッダー ファイル</Filter>
    </ClInclude>
    <ClInclude Include="FbxSDK\include\fbxsdk\scene\fbxaudio.h">
      <Filter>ヘッダー ファイル</Filter>
    </ClInclude>
    <ClInclude Include="FbxSDK\include\fbxsdk\scene\fbxaudiolayer.h">
      <Filter>ヘッダー ファイル</Filter>
    </ClInclude>
    <ClInclude Include="FbxSDK\include\fbxsdk\scene\fbxaxissystem.h">
      <Filter>ヘッダー ファイル</Filter>
    </ClInclude>
    <ClInclude Include="FbxSDK\include\fbxsdk\scene\fbxcollection.h">
      <Filter>ヘッダー ファイル</Filter>
    </ClInclude>
    <ClInclude Include="FbxSDK\include\fbxsdk\scene\fbxcollectionexclusive.h">
      <Filter>ヘッダー ファイル</Filter>
    </ClInclude>
    <ClInclude Include="FbxSDK\include\fbxsdk\scene\fbxcontainer.h">
      <Filter>ヘッダー ファイル</Filter>
    </ClInclude>
    <ClInclude Include="FbxSDK\include\fbxsdk\scene\fbxcontainertemplate.h">
      <Filter>ヘッダー ファイル</Filter>
    </ClInclude>
    <ClInclude Include="FbxSDK\include\fbxsdk\scene\fbxdisplaylayer.h">
      <Filter>ヘッダー ファイル</Filter>
    </ClInclude>
    <ClInclude Include="FbxSDK\include\fbxsdk\scene\fbxdocument.h">
      <Filter>ヘッダー ファイル</Filter>
    </ClInclude>
    <ClInclude Include="FbxSDK\include\fbxsdk\scene\fbxdocumentinfo.h">
      <Filter>ヘッダー ファイル</Filter>
    </ClInclude>
    <ClInclude Include="FbxSDK\include\fbxsdk\scene\fbxenvironment.h">
      <Filter>ヘッダー ファイル</Filter>
    </ClInclude>
    <ClInclude Include="FbxSDK\include\fbxsdk\scene\fbxgroupname.h">
      <Filter>ヘッダー ファイル</Filter>
    </ClInclude>
    <ClInclude Include="FbxSDK\include\fbxsdk\scene\fbxlibrary.h">
      <Filter>ヘッダー ファイル</Filter>
    </ClInclude>
    <ClInclude Include="FbxSDK\include\fbxsdk\scene\fbxmediaclip.h">
      <Filter>ヘッダー ファイル</Filter>
    </ClInclude>
    <ClInclude Include="FbxSDK\include\fbxsdk\scene\fbxobjectfilter.h">
      <Filter>ヘッダー ファイル</Filter>
    </ClInclude>
    <ClInclude Include="FbxSDK\include\fbxsdk\scene\fbxobjectmetadata.h">
      <Filter>ヘッダー ファイル</Filter>
    </ClInclude>
    <ClInclude Include="FbxSDK\include\fbxsdk\scene\fbxobjectscontainer.h">
      <Filter>ヘッダー ファイル</Filter>
    </ClInclude>
    <ClInclude Include="FbxSDK\include\fbxsdk\scene\fbxpose.h">
      <Filter>ヘッダー ファイル</Filter>
    </ClInclude>
    <ClInclude Include="FbxSDK\include\fbxsdk\scene\fbxreference.h">
      <Filter>ヘッダー ファイル</Filter>
    </ClInclude>
    <ClInclude Include="FbxSDK\include\fbxsdk\scene\fbxscene.h">
      <Filter>ヘッダー ファイル</Filter>
    </ClInclude>
    <ClInclude Include="FbxSDK\include\fbxsdk\scene\fbxselectionnode.h">
      <Filter>ヘッダー ファイル</Filter>
    </ClInclude>
    <ClInclude Include="FbxSDK\include\fbxsdk\scene\fbxselectionset.h">
      <Filter>ヘッダー ファイル</Filter>
    </ClInclude>
    <ClInclude Include="FbxSDK\include\fbxsdk\scene\fbxtakeinfo.h">
      <Filter>ヘッダー ファイル</Filter>
    </ClInclude>
    <ClInclude Include="FbxSDK\include\fbxsdk\scene\fbxthumbnail.h">
      <Filter>ヘッダー ファイル</Filter>
    </ClInclude>
    <ClInclude Include="FbxSDK\include\fbxsdk\scene\fbxvideo.h">
      <Filter>ヘッダー ファイル</Filter>
    </ClInclude>
    <ClInclude Include="FbxSDK\include\fbxsdk\utils\fbxclonemanager.h">
      <Filter>ヘッダー ファイル</Filter>
    </ClInclude>
    <ClInclude Include="FbxSDK\include\fbxsdk\utils\fbxdeformationsevaluator.h">
      <Filter>ヘッダー ファイル</Filter>
    </ClInclude>
    <ClInclude Include="FbxSDK\include\fbxsdk\utils\fbxembeddedfilesaccumulator.h">
      <Filter>ヘッダー ファイル</Filter>
    </ClInclude>
    <ClInclude Include="FbxSDK\include\fbxsdk\utils\fbxgeometryconverter.h">
      <Filter>ヘッダー ファイル</Filter>
    </ClInclude>
    <ClInclude Include="FbxSDK\include\fbxsdk\utils\fbxmanipulators.h">
      <Filter>ヘッダー ファイル</Filter>
    </ClInclude>
    <ClInclude Include="FbxSDK\include\fbxsdk\utils\fbxmaterialconverter.h">
      <Filter>ヘッダー ファイル</Filter>
    </ClInclude>
    <ClInclude Include="FbxSDK\include\fbxsdk\utils\fbxnamehandler.h">
      <Filter>ヘッダー ファイル</Filter>
    </ClInclude>
    <ClInclude Include="FbxSDK\include\fbxsdk\utils\fbxprocessor.h">
      <Filter>ヘッダー ファイル</Filter>
    </ClInclude>
    <ClInclude Include="FbxSDK\include\fbxsdk\utils\fbxprocessorshaderdependency.h">
      <Filter>ヘッダー ファイル</Filter>
    </ClInclude>
    <ClInclude Include="FbxSDK\include\fbxsdk\utils\fbxprocessorxref.h">
      <Filter>ヘッダー ファイル</Filter>
    </ClInclude>
    <ClInclude Include="FbxSDK\include\fbxsdk\utils\fbxprocessorxrefuserlib.h">
      <Filter>ヘッダー ファイル</Filter>
    </ClInclude>
    <ClInclude Include="FbxSDK\include\fbxsdk\utils\fbxrenamingstrategy.h">
      <Filter>ヘッダー ファイル</Filter>
    </ClInclude>
    <ClInclude Include="FbxSDK\include\fbxsdk\utils\fbxrenamingstrategybase.h">
      <Filter>ヘッダー ファイル</Filter>
    </ClInclude>
    <ClInclude Include="FbxSDK\include\fbxsdk\utils\fbxrenamingstrategyfbx5.h">
      <Filter>ヘッダー ファイル</Filter>
    </ClInclude>
    <ClInclude Include="FbxSDK\include\fbxsdk\utils\fbxrenamingstrategyfbx6.h">
      <Filter>ヘッダー ファイル</Filter>
    </ClInclude>
    <ClInclude Include="FbxSDK\include\fbxsdk\utils\fbxrenamingstrategyfbx7.h">
      <Filter>ヘッダー ファイル</Filter>
    </ClInclude>
    <ClInclude Include="FbxSDK\include\fbxsdk\utils\fbxrenamingstrategyutilities.h">
      <Filter>ヘッダー ファイル</Filter>
    </ClInclude>
    <ClInclude Include="FbxSDK\include\fbxsdk\utils\fbxrootnodeutility.h">
      <Filter>ヘッダー ファイル</Filter>
    </ClInclude>
    <ClInclude Include="FbxSDK\include\fbxsdk\utils\fbxscenecheckutility.h">
      <Filter>ヘッダー ファイル</Filter>
    </ClInclude>
    <ClInclude Include="FbxSDK\include\fbxsdk\utils\fbxusernotification.h">
      <Filter>ヘッダー ファイル</Filter>
    </ClInclude>
    <ClInclude Include="FbxSDK\include\fbxsdk\fbxsdk_def.h">
      <Filter>ヘッダー ファイル</Filter>
    </ClInclude>
    <ClInclude Include="FbxSDK\include\fbxsdk\fbxsdk_nsbegin.h">
      <Filter>ヘッダー ファイル</Filter>
    </ClInclude>
    <ClInclude Include="FbxSDK\include\fbxsdk\fbxsdk_nsend.h">
      <Filter>ヘッダー ファイル</Filter>
    </ClInclude>
    <ClInclude Include="FbxSDK\include\fbxsdk\fbxsdk_version.h">
      <Filter>ヘッダー ファイル</Filter>
    </ClInclude>
    <ClInclude Include="FbxSDK\include\libxml2\libxml\c14n.h">
      <Filter>ヘッダー ファイル</Filter>
    </ClInclude>
    <ClInclude Include="FbxSDK\include\libxml2\libxml\catalog.h">
      <Filter>ヘッダー ファイル</Filter>
    </ClInclude>
    <ClInclude Include="FbxSDK\include\libxml2\libxml\chvalid.h">
      <Filter>ヘッダー ファイル</Filter>
    </ClInclude>
    <ClInclude Include="FbxSDK\include\libxml2\libxml\debugXML.h">
      <Filter>ヘッダー ファイル</Filter>
    </ClInclude>
    <ClInclude Include="FbxSDK\include\libxml2\libxml\dict.h">
      <Filter>ヘッダー ファイル</Filter>
    </ClInclude>
    <ClInclude Include="FbxSDK\include\libxml2\libxml\DOCBparser.h">
      <Filter>ヘッダー ファイル</Filter>
    </ClInclude>
    <ClInclude Include="FbxSDK\include\libxml2\libxml\encoding.h">
      <Filter>ヘッダー ファイル</Filter>
    </ClInclude>
    <ClInclude Include="FbxSDK\include\libxml2\libxml\entities.h">
      <Filter>ヘッダー ファイル</Filter>
    </ClInclude>
    <ClInclude Include="FbxSDK\include\libxml2\libxml\globals.h">
      <Filter>ヘッダー ファイル</Filter>
    </ClInclude>
    <ClInclude Include="FbxSDK\include\libxml2\libxml\hash.h">
      <Filter>ヘッダー ファイル</Filter>
    </ClInclude>
    <ClInclude Include="FbxSDK\include\libxml2\libxml\HTMLparser.h">
      <Filter>ヘッダー ファイル</Filter>
    </ClInclude>
    <ClInclude Include="FbxSDK\include\libxml2\libxml\HTMLtree.h">
      <Filter>ヘッダー ファイル</Filter>
    </ClInclude>
    <ClInclude Include="FbxSDK\include\libxml2\libxml\list.h">
      <Filter>ヘッダー ファイル</Filter>
    </ClInclude>
    <ClInclude Include="FbxSDK\include\libxml2\libxml\nanoftp.h">
      <Filter>ヘッダー ファイル</Filter>
    </ClInclude>
    <ClInclude Include="FbxSDK\include\libxml2\libxml\nanohttp.h">
      <Filter>ヘッダー ファイル</Filter>
    </ClInclude>
    <ClInclude Include="FbxSDK\include\libxml2\libxml\parser.h">
      <Filter>ヘッダー ファイル</Filter>
    </ClInclude>
    <ClInclude Include="FbxSDK\include\libxml2\libxml\parserInternals.h">
      <Filter>ヘッダー ファイル</Filter>
    </ClInclude>
    <ClInclude Include="FbxSDK\include\libxml2\libxml\pattern.h">
      <Filter>ヘッダー ファイル</Filter>
    </ClInclude>
    <ClInclude Include="FbxSDK\include\libxml2\libxml\relaxng.h">
      <Filter>ヘッダー ファイル</Filter>
    </ClInclude>
    <ClInclude Include="FbxSDK\include\libxml2\libxml\SAX.h">
      <Filter>ヘッダー ファイル</Filter>
    </ClInclude>
    <ClInclude Include="FbxSDK\include\libxml2\libxml\SAX2.h">
      <Filter>ヘッダー ファイル</Filter>
    </ClInclude>
    <ClInclude Include="FbxSDK\include\libxml2\libxml\schemasInternals.h">
      <Filter>ヘッダー ファイル</Filter>
    </ClInclude>
    <ClInclude Include="FbxSDK\include\libxml2\libxml\schematron.h">
      <Filter>ヘッダー ファイル</Filter>
    </ClInclude>
    <ClInclude Include="FbxSDK\include\libxml2\libxml\threads.h">
      <Filter>ヘッダー ファイル</Filter>
    </ClInclude>
    <ClInclude Include="FbxSDK\include\libxml2\libxml\tree.h">
      <Filter>ヘッダー ファイル</Filter>
    </ClInclude>
    <ClInclude Include="FbxSDK\include\libxml2\libxml\uri.h">
      <Filter>ヘッダー ファイル</Filter>
    </ClInclude>
    <ClInclude Include="FbxSDK\include\libxml2\libxml\valid.h">
      <Filter>ヘッダー ファイル</Filter>
    </ClInclude>
    <ClInclude Include="FbxSDK\include\libxml2\libxml\xinclude.h">
      <Filter>ヘッダー ファイル</Filter>
    </ClInclude>
    <ClInclude Include="FbxSDK\include\libxml2\libxml\xlink.h">
      <Filter>ヘッダー ファイル</Filter>
    </ClInclude>
    <ClInclude Include="FbxSDK\include\libxml2\libxml\xmlautomata.h">
      <Filter>ヘッダー ファイル</Filter>
    </ClInclude>
    <ClInclude Include="FbxSDK\include\libxml2\libxml\xmlerror.h">
      <Filter>ヘッダー ファイル</Filter>
    </ClInclude>
    <ClInclude Include="FbxSDK\include\libxml2\libxml\xmlexports.h">
      <Filter>ヘッダー ファイル</Filter>
    </ClInclude>
    <ClInclude Include="FbxSDK\include\libxml2\libxml\xmlIO.h">
      <Filter>ヘッダー ファイル</Filter>
    </ClInclude>
    <ClInclude Include="FbxSDK\include\libxml2\libxml\xmlmemory.h">
      <Filter>ヘッダー ファイル</Filter>
    </ClInclude>
    <ClInclude Include="FbxSDK\include\libxml2\libxml\xmlmodule.h">
      <Filter>ヘッダー ファイル</Filter>
    </ClInclude>
    <ClInclude Include="FbxSDK\include\libxml2\libxml\xmlreader.h">
      <Filter>ヘッダー ファイル</Filter>
    </ClInclude>
    <ClInclude Include="FbxSDK\include\libxml2\libxml\xmlregexp.h">
      <Filter>ヘッダー ファイル</Filter>
    </ClInclude>
    <ClInclude Include="FbxSDK\include\libxml2\libxml\xmlsave.h">
      <Filter>ヘッダー ファイル</Filter>
    </ClInclude>
    <ClInclude Include="FbxSDK\include\libxml2\libxml\xmlschemas.h">
      <Filter>ヘッダー ファイル</Filter>
    </ClInclude>
    <ClInclude Include="FbxSDK\include\libxml2\libxml\xmlschemastypes.h">
      <Filter>ヘッダー ファイル</Filter>
    </ClInclude>
    <ClInclude Include="FbxSDK\include\libxml2\libxml\xmlstring.h">
      <Filter>ヘッダー ファイル</Filter>
    </ClInclude>
    <ClInclude Include="FbxSDK\include\libxml2\libxml\xmlunicode.h">
      <Filter>ヘッダー ファイル</Filter>
    </ClInclude>
    <ClInclude Include="FbxSDK\include\libxml2\libxml\xmlversion.h">
      <Filter>ヘッダー ファイル</Filter>
    </ClInclude>
    <ClInclude Include="FbxSDK\include\libxml2\libxml\xmlwin32version.h">
      <Filter>ヘッダー ファイル</Filter>
    </ClInclude>
    <ClInclude Include="FbxSDK\include\libxml2\libxml\xmlwriter.h">
      <Filter>ヘッダー ファイル</Filter>
    </ClInclude>
    <ClInclude Include="FbxSDK\include\libxml2\libxml\xpath.h">
      <Filter>ヘッダー ファイル</Filter>
    </ClInclude>
    <ClInclude Include="FbxSDK\include\libxml2\libxml\xpathInternals.h">
      <Filter>ヘッダー ファイル</Filter>
    </ClInclude>
    <ClInclude Include="FbxSDK\include\libxml2\libxml\xpointer.h">
      <Filter>ヘッダー ファイル</Filter>
    </ClInclude>
    <ClInclude Include="FbxSDK\include\fbxsdk.h">
      <Filter>ヘッダー ファイル</Filter>
    </ClInclude>
    <ClInclude Include="ImGUI\imconfig.h">
      <Filter>ヘッダー ファイル</Filter>
    </ClInclude>
    <ClInclude Include="ImGUI\imgui.h">
      <Filter>ヘッダー ファイル</Filter>
    </ClInclude>
    <ClInclude Include="ImGUI\imgui_impl_dx11.h">
      <Filter>ヘッダー ファイル</Filter>
    </ClInclude>
    <ClInclude Include="ImGUI\imgui_impl_win32.h">
      <Filter>ヘッダー ファイル</Filter>
    </ClInclude>
    <ClInclude Include="ImGUI\imgui_internal.h">
      <Filter>ヘッダー ファイル</Filter>
    </ClInclude>
    <ClInclude Include="ImGUI\imstb_rectpack.h">
      <Filter>ヘッダー ファイル</Filter>
    </ClInclude>
    <ClInclude Include="ImGUI\imstb_textedit.h">
      <Filter>ヘッダー ファイル</Filter>
    </ClInclude>
    <ClInclude Include="ImGUI\imstb_truetype.h">
      <Filter>ヘッダー ファイル</Filter>
    </ClInclude>
    <ClInclude Include="EvaEngine\App\EditorApp\EditorApp.h">
      <Filter>ヘッダー ファイル</Filter>
    </ClInclude>
    <ClInclude Include="ImGUI\ImGuizmo.h">
      <Filter>ヘッダー ファイル</Filter>
    </ClInclude>
    <ClInclude Include="EvaEngine\Editor\SceneView\SceneView.h">
      <Filter>ヘッダー ファイル</Filter>
    </ClInclude>
    <ClInclude Include="EvaEngine\Editor\EditorCommand\EditorCommand.h">
      <Filter>ヘッダー ファイル</Filter>
    </ClInclude>
    <ClInclude Include="EvaEngine\Utility\Math\Math.h">
      <Filter>ヘッダー ファイル</Filter>
    </ClInclude>
    <ClInclude Include="EvaEngine\Editor\EditorWindow\EditorWindow.h">
      <Filter>ヘッダー ファイル</Filter>
    </ClInclude>
    <ClInclude Include="EvaEngine\Editor\EditorWindowDataBase\EditorWindowDataBase.h">
      <Filter>ヘッダー ファイル</Filter>
    </ClInclude>
    <ClInclude Include="EvaEngine\Editor\EditorWindows\ConsoleWindow\ConsoleWindow.h">
      <Filter>ヘッダー ファイル</Filter>
    </ClInclude>
    <ClInclude Include="EvaEngine\Editor\EditorBaseWindow\EditorBaseWindow.h">
      <Filter>ヘッダー ファイル</Filter>
    </ClInclude>
    <ClInclude Include="EvaEngine\Utility\TypeIDAssist\TypeIDAssist.h">
      <Filter>ヘッダー ファイル</Filter>
    </ClInclude>
    <ClInclude Include="EvaEngine\Editor\EditorWindows\SceneWindow\SceneWindow.h">
      <Filter>ヘッダー ファイル</Filter>
    </ClInclude>
    <ClInclude Include="EvaEngine\Editor\EditorWindows\GameWindow\GameWindow.h">
      <Filter>ヘッダー ファイル</Filter>
    </ClInclude>
    <ClInclude Include="EvaEngine\Editor\EditorWindows\InspectorWindow\InspectorWindow.h">
      <Filter>ヘッダー ファイル</Filter>
    </ClInclude>
    <ClInclude Include="EvaEngine\Editor\EditorWindows\ProjectWindow\ProjectWindow.h">
      <Filter>ヘッダー ファイル</Filter>
    </ClInclude>
    <ClInclude Include="EvaEngine\Editor\EditorWindows\DemoWindow\DemoWindow.h">
      <Filter>ヘッダー ファイル</Filter>
    </ClInclude>
  </ItemGroup>
  <ItemGroup>
    <ClCompile Include="pch.cpp">
      <Filter>ソース ファイル</Filter>
    </ClCompile>
    <ClCompile Include="EvaEngine\App\DirectX11App\DirectX11App.cpp">
      <Filter>ソース ファイル</Filter>
    </ClCompile>
    <ClCompile Include="EvaEngine\App\WindowApp\WindowApp.cpp">
      <Filter>ソース ファイル</Filter>
    </ClCompile>
    <ClCompile Include="EvaEngine\GameSystemBase\Base\Component\Component.cpp">
      <Filter>ソース ファイル</Filter>
    </ClCompile>
    <ClCompile Include="EvaEngine\GameSystemBase\Base\GameJobs\GameJobs.cpp">
      <Filter>ソース ファイル</Filter>
    </ClCompile>
    <ClCompile Include="EvaEngine\GameSystemBase\Base\GameObject\GameObject.cpp">
      <Filter>ソース ファイル</Filter>
    </ClCompile>
    <ClCompile Include="EvaEngine\GameSystemBase\Base\Scene\Scene.cpp">
      <Filter>ソース ファイル</Filter>
    </ClCompile>
    <ClCompile Include="EvaEngine\GameSystemBase\Components\Camera\Camera.cpp">
      <Filter>ソース ファイル</Filter>
    </ClCompile>
    <ClCompile Include="EvaEngine\GameSystemBase\Components\MeshRenderer\MeshRenderer.cpp">
      <Filter>ソース ファイル</Filter>
    </ClCompile>
    <ClCompile Include="EvaEngine\GameSystemBase\Components\MonoBehaviour\MonoBehaviour.cpp">
      <Filter>ソース ファイル</Filter>
    </ClCompile>
    <ClCompile Include="EvaEngine\GameSystemBase\Components\Transform\Transform.cpp">
      <Filter>ソース ファイル</Filter>
    </ClCompile>
    <ClCompile Include="EvaEngine\GameSystemBase\DataBase\ComponentDataBase\ComponentDataBase.cpp">
      <Filter>ソース ファイル</Filter>
    </ClCompile>
    <ClCompile Include="EvaEngine\GameSystemBase\DataBase\GameObjectDataBase\GameObjectDataBase.cpp">
      <Filter>ソース ファイル</Filter>
    </ClCompile>
    <ClCompile Include="EvaEngine\GameSystemBase\DataBase\ModelDataBase\ModelDataBase.cpp">
      <Filter>ソース ファイル</Filter>
    </ClCompile>
    <ClCompile Include="EvaEngine\GameSystemBase\DataBase\SceneDataBase\SceneDataBase.cpp">
      <Filter>ソース ファイル</Filter>
    </ClCompile>
    <ClCompile Include="EvaEngine\GameSystemBase\DataBase\ShaderDataBase\ShaderDataBase.cpp">
      <Filter>ソース ファイル</Filter>
    </ClCompile>
    <ClCompile Include="EvaEngine\GameSystemBase\Manager\ComponentManager\ComponentManager.cpp">
      <Filter>ソース ファイル</Filter>
    </ClCompile>
    <ClCompile Include="EvaEngine\GameSystemBase\Manager\DrawManager\DrawManager.cpp">
      <Filter>ソース ファイル</Filter>
    </ClCompile>
    <ClCompile Include="EvaEngine\GameSystemBase\Manager\GameObjectManager\GameObjectManager.cpp">
      <Filter>ソース ファイル</Filter>
    </ClCompile>
    <ClCompile Include="EvaEngine\GameSystemBase\Manager\SceneManager\SceneManager.cpp">
      <Filter>ソース ファイル</Filter>
    </ClCompile>
    <ClCompile Include="EvaEngine\Setting\Window\Window.cpp">
      <Filter>ソース ファイル</Filter>
    </ClCompile>
    <ClCompile Include="EvaEngine\System\DebugLog\DebugLog.cpp">
      <Filter>ソース ファイル</Filter>
    </ClCompile>
    <ClCompile Include="EvaEngine\Utility\BufferCreate\BufferCreate.cpp">
      <Filter>ソース ファイル</Filter>
    </ClCompile>
    <ClCompile Include="EvaEngine\Utility\Input\InputBufferUpdate\InputBufferUpdate.cpp">
      <Filter>ソース ファイル</Filter>
    </ClCompile>
    <ClCompile Include="EvaEngine\Utility\Input\Input.cpp">
      <Filter>ソース ファイル</Filter>
    </ClCompile>
    <ClCompile Include="EvaEngine\Utility\Math\Matrix3x3\Matrix3x3.cpp">
      <Filter>ソース ファイル</Filter>
    </ClCompile>
    <ClCompile Include="EvaEngine\Utility\Math\Matrix4x4\Matrix4x4.cpp">
      <Filter>ソース ファイル</Filter>
    </ClCompile>
    <ClCompile Include="EvaEngine\Utility\Math\Quaternion\Quaternion.cpp">
      <Filter>ソース ファイル</Filter>
    </ClCompile>
    <ClCompile Include="EvaEngine\Utility\Math\Vector2\Vector2.cpp">
      <Filter>ソース ファイル</Filter>
    </ClCompile>
    <ClCompile Include="EvaEngine\Utility\Math\Vector3\Vector3.cpp">
      <Filter>ソース ファイル</Filter>
    </ClCompile>
    <ClCompile Include="EvaEngine\Utility\Mesh\Mesh.cpp">
      <Filter>ソース ファイル</Filter>
    </ClCompile>
    <ClCompile Include="EvaEngine\Utility\ModelUtility\ModelLoaderUtility\FBXModelLoader\FBXModelLoader.cpp">
      <Filter>ソース ファイル</Filter>
    </ClCompile>
    <ClCompile Include="EvaEngine\Utility\ModelUtility\ModelLoaderUtility\OBJModelLoader\OBJModelLoader.cpp">
      <Filter>ソース ファイル</Filter>
    </ClCompile>
    <ClCompile Include="EvaEngine\Utility\ModelUtility\ModelLoaderUtility\VRMModelLoader\VRMModelLoader.cpp">
      <Filter>ソース ファイル</Filter>
    </ClCompile>
    <ClCompile Include="EvaEngine\Utility\ShaderUtility\Shader\Shader.cpp">
      <Filter>ソース ファイル</Filter>
    </ClCompile>
    <ClCompile Include="EvaEngine\Utility\ShaderUtility\ShaderCompiler\ShaderCompiler.cpp">
      <Filter>ソース ファイル</Filter>
    </ClCompile>
    <ClCompile Include="EvaEngine\Utility\ShaderUtility\ShaderLoader\ShaderLoader.cpp">
      <Filter>ソース ファイル</Filter>
    </ClCompile>
    <ClCompile Include="EvaEngine\Utility\ModelUtility\ModelLoader\ModelLoader.cpp">
      <Filter>ソース ファイル</Filter>
    </ClCompile>
    <ClCompile Include="EvaEngine\App\EvaEngineApp\EvaEngineApp.cpp">
      <Filter>ソース ファイル</Filter>
    </ClCompile>
    <ClCompile Include="EvaEngine\GameSystemBase\Base\GameBase\GameBase.cpp">
      <Filter>ソース ファイル</Filter>
    </ClCompile>
    <ClCompile Include="EvaEngine\App\MainApp\MainApp.cpp">
      <Filter>ソース ファイル</Filter>
    </ClCompile>
    <ClCompile Include="EvaEngine\Utility\Time\TimeBase.cpp">
      <Filter>ソース ファイル</Filter>
    </ClCompile>
    <ClCompile Include="ImGUI\imgui.cpp">
      <Filter>ソース ファイル</Filter>
    </ClCompile>
    <ClCompile Include="ImGUI\imgui_draw.cpp">
      <Filter>ソース ファイル</Filter>
    </ClCompile>
    <ClCompile Include="ImGUI\imgui_impl_dx11.cpp">
      <Filter>ソース ファイル</Filter>
    </ClCompile>
    <ClCompile Include="ImGUI\imgui_impl_win32.cpp">
      <Filter>ソース ファイル</Filter>
    </ClCompile>
    <ClCompile Include="ImGUI\imgui_widgets.cpp">
      <Filter>ソース ファイル</Filter>
    </ClCompile>
    <ClCompile Include="EvaEngine\App\EditorApp\EditorApp.cpp">
      <Filter>ソース ファイル</Filter>
    </ClCompile>
    <ClCompile Include="ImGUI\ImGuizmo.cpp">
      <Filter>ソース ファイル</Filter>
    </ClCompile>
    <ClCompile Include="EvaEngine\Editor\SceneView\SceneView.cpp">
      <Filter>ソース ファイル</Filter>
    </ClCompile>
    <ClCompile Include="ImGUI\imgui_tables.cpp">
      <Filter>ソース ファイル</Filter>
    </ClCompile>
    <ClCompile Include="EvaEngine\Editor\EditorCommand\EditorCommand.cpp">
      <Filter>ソース ファイル</Filter>
    </ClCompile>
    <ClCompile Include="EvaEngine\Editor\EditorWindow\EditorWindow.cpp">
      <Filter>ソース ファイル</Filter>
    </ClCompile>
    <ClCompile Include="EvaEngine\Editor\EditorWindowDataBase\EditorWindowDataBase.cpp">
      <Filter>ソース ファイル</Filter>
    </ClCompile>
    <ClCompile Include="EvaEngine\Editor\EditorWindows\ConsoleWindow\ConsoleWindow.cpp">
      <Filter>ソース ファイル</Filter>
    </ClCompile>
    <ClCompile Include="EvaEngine\Editor\EditorBaseWindow\EditorBaseWindow.cpp">
      <Filter>ソース ファイル</Filter>
    </ClCompile>
    <ClCompile Include="EvaEngine\Editor\EditorWindows\SceneWindow\SceneWindow.cpp">
      <Filter>ソース ファイル</Filter>
    </ClCompile>
    <ClCompile Include="EvaEngine\Editor\EditorWindows\GameWindow\GameWindow.cpp">
      <Filter>ソース ファイル</Filter>
    </ClCompile>
    <ClCompile Include="EvaEngine\Editor\EditorWindows\InspectorWindow\InspectorWindow.cpp">
      <Filter>ソース ファイル</Filter>
    </ClCompile>
    <ClCompile Include="EvaEngine\Editor\EditorWindows\ProjectWindow\ProjectWindow.cpp">
      <Filter>ソース ファイル</Filter>
    </ClCompile>
    <ClCompile Include="ImGUI\imgui_demo.cpp">
      <Filter>ソース ファイル</Filter>
    </ClCompile>
    <ClCompile Include="EvaEngine\Editor\EditorWindows\DemoWindow\DemoWindow.cpp">
      <Filter>ソース ファイル</Filter>
    </ClCompile>
  </ItemGroup>
  <ItemGroup>
    <FxCompile Include="EvaEngine\Shader\PixelShader.hlsl" />
    <FxCompile Include="EvaEngine\Shader\VertexShader.hlsl" />
  </ItemGroup>
  <ItemGroup>
    <None Include="packages.config" />
    <None Include="dxcompiler.dll" />
    <None Include="dxil.dll" />
  </ItemGroup>
</Project>